
Microsoft Visual Studio Solution File, Format Version 12.00
# Visual Studio Version 16
VisualStudioVersion = 16.0.30621.155
MinimumVisualStudioVersion = 10.0.40219.1
Project("{FAE04EC0-301F-11D3-BF4B-00C04F79EFBC}") = "GyrospeedWin", "GyrospeedWin\GyrospeedWin.csproj", "{A623639E-2AB1-425E-BA90-65D63AD23B0C}"
EndProject
Global
	GlobalSection(SolutionConfigurationPlatforms) = preSolution
		Debug|Any CPU = Debug|Any CPU
		Release|Any CPU = Release|Any CPU
	EndGlobalSection
	GlobalSection(ProjectConfigurationPlatforms) = postSolution
		{A623639E-2AB1-425E-BA90-65D63AD23B0C}.Debug|Any CPU.ActiveCfg = Debug|Any CPU
		{A623639E-2AB1-425E-BA90-65D63AD23B0C}.Debug|Any CPU.Build.0 = Debug|Any CPU
		{A623639E-2AB1-425E-BA90-65D63AD23B0C}.Release|Any CPU.ActiveCfg = Release|Any CPU
		{A623639E-2AB1-425E-BA90-65D63AD23B0C}.Release|Any CPU.Build.0 = Release|Any CPU
	EndGlobalSection
	GlobalSection(SolutionProperties) = preSolution
		HideSolutionNode = FALSE
	EndGlobalSection
	GlobalSection(ExtensibilityGlobals) = postSolution
		SolutionGuid = {EC00A1E2-28D8-4802-AD9F-9123C50B3041}
	EndGlobalSection
EndGlobal
